lockfileVersion: '9.0'

settings:
  autoInstallPeers: true
  excludeLinksFromLockfile: false

importers:

  .:
    dependencies:
      '@deepseek-ai/cordis':
        specifier: '>=4.0.0'
        version: 4.0.1
      '@deepseek-ai/dsh-agent':
        specifier: '>=0.1.1-rc.2 || >=0.1.2-alpha.1'
        version: 0.1.1-rc.2(063a17f78cfab736176dd9d7d631a60d)
      '@deepseek-ai/dsh-attachment':
        specifier: '>=0.1.1-rc.2 || >=0.1.2-alpha.1'
        version: 0.1.1-rc.2(@deepseek-ai/cordis@4.0.1)(@deepseek-ai/dsh-brand@0.1.2-alpha.2(@deepseek-ai/cordis@4.0.1)(@deepseek-ai/dsh-invariants@0.1.1-rc.2(@deepseek-ai/cordis@4.0.1)))(@deepseek-ai/dsh-invariants@0.1.1-rc.2(@deepseek-ai/cordis@4.0.1))
      '@deepseek-ai/dsh-commands':
        specifier: '>=0.1.1-rc.2 || >=0.1.2-alpha.1'
        version: 0.1.1-rc.2(e83ff1ce94e2d6b3ed6ea268c57c4a48)
      '@deepseek-ai/dsh-host-webserver':
        specifier: '>=0.1.1-rc.2 || >=0.1.2-alpha.1'
        version: 0.1.1-rc.2(@deepseek-ai/cordis@4.0.1)(@deepseek-ai/dsh-invariants@0.1.1-rc.2(@deepseek-ai/cordis@4.0.1))
      '@deepseek-ai/dsh-jobs':
        specifier: '>=0.1.1-rc.2 || >=0.1.2-alpha.1'
        version: 0.1.1-rc.2(@deepseek-ai/cordis@4.0.1)(@deepseek-ai/dsh-agent@0.1.1-rc.2(063a17f78cfab736176dd9d7d631a60d))(@deepseek-ai/dsh-brand@0.1.2-alpha.2(@deepseek-ai/cordis@4.0.1)(@deepseek-ai/dsh-invariants@0.1.1-rc.2(@deepseek-ai/cordis@4.0.1)))(@deepseek-ai/dsh-invariants@0.1.1-rc.2(@deepseek-ai/cordis@4.0.1))(@deepseek-ai/dsh-session@0.1.1-rc.2(92bb7748a97f767c621cd08ca717d413))
      '@deepseek-ai/dsh-settings':
        specifier: '>=0.1.1-rc.2 || >=0.1.2-alpha.1'
        version: 0.1.1-rc.2(@deepseek-ai/cordis@4.0.1)(@deepseek-ai/dsh-brand@0.1.2-alpha.2(@deepseek-ai/cordis@4.0.1)(@deepseek-ai/dsh-invariants@0.1.1-rc.2(@deepseek-ai/cordis@4.0.1)))(@deepseek-ai/dsh-invariants@0.1.1-rc.2(@deepseek-ai/cordis@4.0.1))(@deepseek-ai/schemastery@deepseek-harness+vendor+schemastery)
      '@deepseek-ai/dsh-skill':
        specifier: '>=0.1.1-rc.2 || >=0.1.2-alpha.1'
        version: 0.1.1-rc.2(@deepseek-ai/cordis@4.0.1)(@deepseek-ai/dsh-invariants@0.1.1-rc.2(@deepseek-ai/cordis@4.0.1))(@deepseek-ai/dsh-llm@0.1.1-rc.2(@deepseek-ai/cordis@4.0.1)(@deepseek-ai/dsh-attachment@0.1.1-rc.2(@deepseek-ai/cordis@4.0.1)(@deepseek-ai/dsh-brand@0.1.2-alpha.2(@deepseek-ai/cordis@4.0.1)(@deepseek-ai/dsh-invariants@0.1.1-rc.2(@deepseek-ai/cordis@4.0.1)))(@deepseek-ai/dsh-invariants@0.1.1-rc.2(@deepseek-ai/cordis@4.0.1)))(@deepseek-ai/dsh-brand@0.1.2-alpha.2(@deepseek-ai/cordis@4.0.1)(@deepseek-ai/dsh-invariants@0.1.1-rc.2(@deepseek-ai/cordis@4.0.1)))(@deepseek-ai/dsh-invariants@0.1.1-rc.2(@deepseek-ai/cordis@4.0.1))(@deepseek-ai/dsh-timeout@0.1.2-alpha.2(@deepseek-ai/cordis@4.0.1)(@deepseek-ai/dsh-invariants@0.1.1-rc.2(@deepseek-ai/cordis@4.0.1))))(@deepseek-ai/dsh-scope@0.1.1-rc.2(@deepseek-ai/cordis@4.0.1)(@deepseek-ai/dsh-invariants@0.1.1-rc.2(@deepseek-ai/cordis@4.0.1)))
      '@deepseek-ai/dsh-system-prompt':
        specifier: '>=0.1.1-rc.2 || >=0.1.2-alpha.1'
        version: 0.1.1-rc.2(@deepseek-ai/cordis@4.0.1)(@deepseek-ai/dsh-invariants@0.1.1-rc.2(@deepseek-ai/cordis@4.0.1))(@deepseek-ai/dsh-llm@0.1.1-rc.2(@deepseek-ai/cordis@4.0.1)(@deepseek-ai/dsh-attachment@0.1.1-rc.2(@deepseek-ai/cordis@4.0.1)(@deepseek-ai/dsh-brand@0.1.2-alpha.2(@deepseek-ai/cordis@4.0.1)(@deepseek-ai/dsh-invariants@0.1.1-rc.2(@deepseek-ai/cordis@4.0.1)))(@deepseek-ai/dsh-invariants@0.1.1-rc.2(@deepseek-ai/cordis@4.0.1)))(@deepseek-ai/dsh-brand@0.1.2-alpha.2(@deepseek-ai/cordis@4.0.1)(@deepseek-ai/dsh-invariants@0.1.1-rc.2(@deepseek-ai/cordis@4.0.1)))(@deepseek-ai/dsh-invariants@0.1.1-rc.2(@deepseek-ai/cordis@4.0.1))(@deepseek-ai/dsh-timeout@0.1.2-alpha.2(@deepseek-ai/cordis@4.0.1)(@deepseek-ai/dsh-invariants@0.1.1-rc.2(@deepseek-ai/cordis@4.0.1))))(@deepseek-ai/dsh-scope@0.1.1-rc.2(@deepseek-ai/cordis@4.0.1)(@deepseek-ai/dsh-invariants@0.1.1-rc.2(@deepseek-ai/cordis@4.0.1)))
      '@deepseek-ai/dsh-user-approval':
        specifier: '>=0.1.1-rc.2 || >=0.1.2-alpha.1'
        version: 0.1.1-rc.2(d6cba21b6a76c1d24a2026a6c3d4dd98)
    devDependencies:
      '@deepseek-ai/dsh-llm':
        specifier: 0.1.1-rc.2
        version: 0.1.1-rc.2(@deepseek-ai/cordis@4.0.1)(@deepseek-ai/dsh-attachment@0.1.1-rc.2(@deepseek-ai/cordis@4.0.1)(@deepseek-ai/dsh-brand@0.1.2-alpha.2(@deepseek-ai/cordis@4.0.1)(@deepseek-ai/dsh-invariants@0.1.1-rc.2(@deepseek-ai/cordis@4.0.1)))(@deepseek-ai/dsh-invariants@0.1.1-rc.2(@deepseek-ai/cordis@4.0.1)))(@deepseek-ai/dsh-brand@0.1.2-alpha.2(@deepseek-ai/cordis@4.0.1)(@deepseek-ai/dsh-invariants@0.1.1-rc.2(@deepseek-ai/cordis@4.0.1)))(@deepseek-ai/dsh-invariants@0.1.1-rc.2(@deepseek-ai/cordis@4.0.1))(@deepseek-ai/dsh-timeout@0.1.2-alpha.2(@deepseek-ai/cordis@4.0.1)(@deepseek-ai/dsh-invariants@0.1.1-rc.2(@deepseek-ai/cordis@4.0.1)))
      '@deepseek-ai/dsh-session':
        specifier: 0.1.1-rc.2
        version: 0.1.1-rc.2(92bb7748a97f767c621cd08ca717d413)
      '@deepseek-ai/dsh-tools':
        specifier: 0.1.1-rc.2
        version: 0.1.1-rc.2(392409d64c313695b8cdb5e9662082dd)
      '@deepseek-ai/dsh-web':
        specifier: 0.1.2-alpha.2
        version: 0.1.2-alpha.2(@deepseek-ai/cordis@4.0.1)(@deepseek-ai/dsh-invariants@0.1.1-rc.2(@deepseek-ai/cordis@4.0.1))(@deepseek-ai/dsh-llm@0.1.1-rc.2(@deepseek-ai/cordis@4.0.1)(@deepseek-ai/dsh-attachment@0.1.1-rc.2(@deepseek-ai/cordis@4.0.1)(@deepseek-ai/dsh-brand@0.1.2-alpha.2(@deepseek-ai/cordis@4.0.1)(@deepseek-ai/dsh-invariants@0.1.1-rc.2(@deepseek-ai/cordis@4.0.1)))(@deepseek-ai/dsh-invariants@0.1.1-rc.2(@deepseek-ai/cordis@4.0.1)))(@deepseek-ai/dsh-brand@0.1.2-alpha.2(@deepseek-ai/cordis@4.0.1)(@deepseek-ai/dsh-invariants@0.1.1-rc.2(@deepseek-ai/cordis@4.0.1)))(@deepseek-ai/dsh-invariants@0.1.1-rc.2(@deepseek-ai/cordis@4.0.1))(@deepseek-ai/dsh-timeout@0.1.2-alpha.2(@deepseek-ai/cordis@4.0.1)(@deepseek-ai/dsh-invariants@0.1.1-rc.2(@deepseek-ai/cordis@4.0.1))))
      '@deepseek-ai/schemastery':
        specifier: link:../deepseek-harness/vendor/schemastery
        version: link:../deepseek-harness/vendor/schemastery
      '@types/node':
        specifier: ^24.0.0
        version: 24.13.3
      typescript:
        specifier: ^5.7.0
        version: 5.9.3

packages:

  '@deepseek-ai/cordis@4.0.1':
    resolution: {integrity: sha512-YBdskTU2Po1kru3GgcUWUbkTsPMA9LkSQDAY8rBkFJeajdgcQad3QPJZE26JyK99Xb6HaASvoXg2DSUTeN/0Nw==}
    hasBin: true
    peerDependencies:
      '@deepseek-ai/cordis-plugin-include': ^1.0.6
      '@deepseek-ai/cordis-plugin-loader': ^1.0.2
    peerDependenciesMeta:
      '@deepseek-ai/cordis-plugin-include':
        optional: true
      '@deepseek-ai/cordis-plugin-loader':
        optional: true

  '@deepseek-ai/cosmokit@1.8.2':
    resolution: {integrity: sha512-muBOKtSrUKU5m/xpq8ZXWL6hQ/jgd4PhU2PqH97bcxIiLEJfNwZOGQEx4t/aS/GgxRAR+ra9pMHPMtTHU4sqqA==}

  '@deepseek-ai/cosmokit@1.8.3':
    resolution: {integrity: sha512-qBo+ronVM6Eu2WNVJXi8JcMiqZ19T9BRIpV+5qJUFPXjGH/Z0QKcQMC/IZJ7L394YTOtJgcovbk9qP0w2GsBXQ==}

  '@deepseek-ai/dsh-agent@0.1.1-rc.2':
    resolution: {integrity: sha512-cC7lnJe7JgPFcreNXxcxLMxQd78LnpVO9ZXROjZsGRQN1zGH6i/DduI892F1am85IfzzO+XTxMwwUHmfwamb0g==}
    peerDependencies:
      '@deepseek-ai/cordis': ^4.0.1
      '@deepseek-ai/dsh-invariants': ^0.1.1-rc.2
      '@deepseek-ai/dsh-llm': ^0.1.1-rc.2
      '@deepseek-ai/dsh-scope': ^0.1.1-rc.2
      '@deepseek-ai/dsh-session': ^0.1.1-rc.2
      '@deepseek-ai/dsh-system-prompt': ^0.1.1-rc.2
      '@deepseek-ai/dsh-typert-protocol': ^0.1.1-rc.2

  '@deepseek-ai/dsh-attachment@0.1.1-rc.2':
    resolution: {integrity: sha512-rCYAt8QsawP1yfDCU7XxNwYT/XWvyFsxYrkwhLLkdfW83QVD0CQHizSkTQE7RFX74nKUD1z3sTLfnLr7xneArw==}
    peerDependencies:
      '@deepseek-ai/cordis': ^4.0.1
      '@deepseek-ai/dsh-brand': ^0.1.1-rc.2
      '@deepseek-ai/dsh-invariants': ^0.1.1-rc.2

  '@deepseek-ai/dsh-brand@0.1.2-alpha.2':
    resolution: {integrity: sha512-sWFbShCe8LNLuqD3gdQeneUGxFtZ/rywe6Tmi2eteBDubecHnf04XurtF38Epno42bnNTMYWuKwt1cihcbHL3A==}
    peerDependencies:
      '@deepseek-ai/cordis': ^4.0.2
      '@deepseek-ai/dsh-invariants': ^0.1.2-alpha.2

  '@deepseek-ai/dsh-code-runtime@0.1.1-rc.2':
    resolution: {integrity: sha512-SgFresqH5UABzRQZ7tOfqzOLMHF7089VeH+mfcwNQH5peOavgEKrAGOYz/9RnISH0XmMrj/x177t8gfO8Uvo/w==}
    peerDependencies:
      '@deepseek-ai/cordis': ^4.0.1
      '@deepseek-ai/dsh-invariants': ^0.1.1-rc.2

  '@deepseek-ai/dsh-commands@0.1.1-rc.2':
    resolution: {integrity: sha512-BOIe4Sht9rmMv1a6b3GWjWBbeWr7PtHlAy41vgpaymvUUuzOapOIA648ZMGCI/crRIt72Umev2FHtSwCNSbYZg==}
    peerDependencies:
      '@deepseek-ai/cordis': ^4.0.1
      '@deepseek-ai/dsh-agent': ^0.1.1-rc.2
      '@deepseek-ai/dsh-attachment': ^0.1.1-rc.2
      '@deepseek-ai/dsh-brand': ^0.1.1-rc.2
      '@deepseek-ai/dsh-invariants': ^0.1.1-rc.2
      '@deepseek-ai/dsh-llm': ^0.1.1-rc.2
      '@deepseek-ai/dsh-scope': ^0.1.1-rc.2
      '@deepseek-ai/dsh-session': ^0.1.1-rc.2
      '@deepseek-ai/dsh-typert-protocol': ^0.1.1-rc.2

  '@deepseek-ai/dsh-host-webserver@0.1.1-rc.2':
    resolution: {integrity: sha512-t9MrjC65QHiiWhG9V8UZxgfE/aWYhJHHrIM0kbTvtXxg4tLGIKo/upHp7iiag65F3HTkVLrH/DUyPMi4v2ZA7g==}
    peerDependencies:
      '@deepseek-ai/cordis': ^4.0.1
      '@deepseek-ai/dsh-invariants': ^0.1.1-rc.2

  '@deepseek-ai/dsh-invariants@0.1.1-rc.2':
    resolution: {integrity: sha512-l+1Om/EDFyMjhgSuEx2WDLLA2fia/+ga9mBTCoT/MMslsnWaK5G0/lWwbwlTBSaJ6OfmYc3DuBgox8DbgIGHRQ==}
    peerDependencies:
      '@deepseek-ai/cordis': ^4.0.1

  '@deepseek-ai/dsh-jobs@0.1.1-rc.2':
    resolution: {integrity: sha512-SXvDJMvcUrGrlzIyE7j8/lI4Pj1nDe/UOR8C05Zagp+/0R8p46n6KylySvZdPAFENV5t8WX3Fw3eOaS4No0+wQ==}
    peerDependencies:
      '@deepseek-ai/cordis': ^4.0.1
      '@deepseek-ai/dsh-agent': ^0.1.1-rc.2
      '@deepseek-ai/dsh-brand': ^0.1.1-rc.2
      '@deepseek-ai/dsh-invariants': ^0.1.1-rc.2
      '@deepseek-ai/dsh-session': ^0.1.1-rc.2

  '@deepseek-ai/dsh-llm@0.1.1-rc.2':
    resolution: {integrity: sha512-ASJfjIdZbIXvLwi3rGo+eZb/GxMVV/WO5/XVD3B96mT8EIzrlw3+nMR6/CvmJVzcycKQ2XN0wj7jD6TasPRySA==}
    peerDependencies:
      '@deepseek-ai/cordis': ^4.0.1
      '@deepseek-ai/dsh-attachment': ^0.1.1-rc.2
      '@deepseek-ai/dsh-brand': ^0.1.1-rc.2
      '@deepseek-ai/dsh-invariants': ^0.1.1-rc.2
      '@deepseek-ai/dsh-timeout': ^0.1.1-rc.2

  '@deepseek-ai/dsh-scope@0.1.1-rc.2':
    resolution: {integrity: sha512-Xy3ejL6dwVSluZL7XOWy76ya4pCw1uHwxodDK4O9XiQUiUV4FBXnt0aNJUtMeAFN0c1YujxxCmRniMvuuNn1Nw==}
    peerDependencies:
      '@deepseek-ai/cordis': ^4.0.1
      '@deepseek-ai/dsh-invariants': ^0.1.1-rc.2

  '@deepseek-ai/dsh-session@0.1.1-rc.2':
    resolution: {integrity: sha512-4/cv6X9HPhm47eyRhCu/WZwzrtJKegk5J+0xaxcZ9i8S0smdxP57tqy8a0jkSshLQn7BzMFxneQrlYExrLrDhQ==}
    peerDependencies:
      '@deepseek-ai/cordis': ^4.0.1
      '@deepseek-ai/dsh-brand': ^0.1.1-rc.2
      '@deepseek-ai/dsh-invariants': ^0.1.1-rc.2
      '@deepseek-ai/dsh-llm': ^0.1.1-rc.2
      '@deepseek-ai/dsh-scope': ^0.1.1-rc.2
      '@deepseek-ai/dsh-typert-protocol': ^0.1.1-rc.2

  '@deepseek-ai/dsh-settings@0.1.1-rc.2':
    resolution: {integrity: sha512-iGdKEt91Im3gE7xA9CzRfTJsPcFcxDeDOCLhAjzbpjEv7TAjx/EoYP7lPtiy+QmOjKSKy206SEtAKol9PXWbOw==}
    peerDependencies:
      '@deepseek-ai/cordis': ^4.0.1
      '@deepseek-ai/dsh-brand': ^0.1.1-rc.2
      '@deepseek-ai/dsh-invariants': ^0.1.1-rc.2
      '@deepseek-ai/schemastery': ^3.18.1

  '@deepseek-ai/dsh-skill@0.1.1-rc.2':
    resolution: {integrity: sha512-FACjlOqdsWX+0RtSs3RWrdY0QQEpPJrBfvxUbWSh7E8UyCM8dKdIbsQnuXIjsAgC7GgYp7lyFDSCMovQ3ARp8g==}
    peerDependencies:
      '@deepseek-ai/cordis': ^4.0.1
      '@deepseek-ai/dsh-invariants': ^0.1.1-rc.2
      '@deepseek-ai/dsh-llm': ^0.1.1-rc.2
      '@deepseek-ai/dsh-scope': ^0.1.1-rc.2

  '@deepseek-ai/dsh-system-prompt@0.1.1-rc.2':
    resolution: {integrity: sha512-on4hjAlYI5uX9q7Sf95YkMMBVe6heywtA/H50ksrIMUub8U2B98hO9iQpHhjwIO1F1vu+5pLcPvRr6yUGGmtXQ==}
    peerDependencies:
      '@deepseek-ai/cordis': ^4.0.1
      '@deepseek-ai/dsh-invariants': ^0.1.1-rc.2
      '@deepseek-ai/dsh-llm': ^0.1.1-rc.2
      '@deepseek-ai/dsh-scope': ^0.1.1-rc.2

  '@deepseek-ai/dsh-timeout@0.1.2-alpha.2':
    resolution: {integrity: sha512-8q5cd55aMoOvrPaqSws/3xiyzHhs1bfjdtAs4YHWimQgMd+yMrDnlu8i+zFOkWoSc0A2wPkXcCYR8xogl4gerA==}
    peerDependencies:
      '@deepseek-ai/cordis': ^4.0.2
      '@deepseek-ai/dsh-invariants': ^0.1.2-alpha.2

  '@deepseek-ai/dsh-tools@0.1.1-rc.2':
    resolution: {integrity: sha512-0GGL4D55MwYDepzZMOI3L0ycu5b2qr96GL0Y7snwhAnpK2Di61rbX3fJE+PB3ZrovGX0csIRdt9n3iJZDVtDrw==}
    peerDependencies:
      '@deepseek-ai/cordis': ^4.0.1
      '@deepseek-ai/dsh-agent': ^0.1.1-rc.2
      '@deepseek-ai/dsh-code-runtime': ^0.1.1-rc.2
      '@deepseek-ai/dsh-invariants': ^0.1.1-rc.2
      '@deepseek-ai/dsh-llm': ^0.1.1-rc.2
      '@deepseek-ai/dsh-scope': ^0.1.1-rc.2
      '@deepseek-ai/dsh-session': ^0.1.1-rc.2
      '@deepseek-ai/dsh-system-prompt': ^0.1.1-rc.2
      '@deepseek-ai/dsh-user-approval': ^0.1.1-rc.2

  '@deepseek-ai/dsh-typert-protocol@0.1.2-alpha.2':
    resolution: {integrity: sha512-U3j/usWHRllaJMdTr4GuVkkUciHWyq01mvMtWeGT+RY2hb+ysTxeuLEiV0Lh5EyVScgFdDLbe/GtTZ2OkGsGwQ==}
    peerDependencies:
      '@deepseek-ai/cordis': ^4.0.2
      '@deepseek-ai/dsh-invariants': ^0.1.2-alpha.2

  '@deepseek-ai/dsh-user-approval@0.1.1-rc.2':
    resolution: {integrity: sha512-SdsO4Rs+NeJFoertkVilXBACREOLfkKPJJznYKqDhJxeRo38RJ56dtj0Xd0/6rERmsQiMck4Bwdrzg1ubUqPNA==}
    peerDependencies:
      '@deepseek-ai/cordis': ^4.0.1
      '@deepseek-ai/dsh-agent': ^0.1.1-rc.2
      '@deepseek-ai/dsh-brand': ^0.1.1-rc.2
      '@deepseek-ai/dsh-invariants': ^0.1.1-rc.2
      '@deepseek-ai/dsh-llm': ^0.1.1-rc.2
      '@deepseek-ai/dsh-scope': ^0.1.1-rc.2
      '@deepseek-ai/dsh-session': ^0.1.1-rc.2
      '@deepseek-ai/dsh-system-prompt': ^0.1.1-rc.2

  '@deepseek-ai/dsh-web@0.1.2-alpha.2':
    resolution: {integrity: sha512-Q8wihUfauM/GMTttzYsgF19L+EQ67ewSFAViv5Cl516mv2bFEykAQSmJubmTkUS38BJiSeNorTiBHLUZIqKRNA==}
    peerDependencies:
      '@deepseek-ai/cordis': ^4.0.2
      '@deepseek-ai/dsh-invariants': ^0.1.2-alpha.2
      '@deepseek-ai/dsh-llm': ^0.1.2-alpha.2

  '@deepseek-ai/schemastery@3.18.1':
    resolution: {integrity: sha512-Qn0FCSwCQnpnj6SB31I6i2sIKgKWnkbJM8O0EU91Gv2UsYVvtZTl6IA0sCwk2e2MZf5S8w5hpq9QkeVvK9qwxg==}

  '@deepseek-ai/schemastery@3.18.2':
    resolution: {integrity: sha512-njDtZsznjYxok7KLLlHOPyuv2efdWVbSflAHgztSfbMsg+CVraEoRe2DjOCgClYv3ZCSm7WXoaUkbB/+RY7tWQ==}

  '@standard-schema/spec@1.1.0':
    resolution: {integrity: sha512-l2aFy5jALhniG5HgqrD6jXLi/rUWrKvqN/qJx6yoJsgKhblVd+iqqU4RCXavm/jPityDo5TCvKMnpjKnOriy0w==}

  '@types/node@24.13.3':
    resolution: {integrity: sha512-Dh8vAsV36ig5wa9OX4pXvMc9D3Veibfw2wix0CUwYODLD8nkj9UsLjASr49nPg+2eKzxhBV+v7L8pXvT4e639Q==}

  typescript@5.9.3:
    resolution: {integrity: sha512-jl1vZzPDinLr9eUt3J/t7V6FgNEw9QjvBPdysz9KfQDD41fQrC2Y4vKQdiaUpFT4bXlb1RHhLpp8wtm6M5TgSw==}
    engines: {node: '>=14.17'}
    hasBin: true

  undici-types@7.18.2:
    resolution: {integrity: sha512-AsuCzffGHJybSaRrmr5eHr81mwJU3kjw6M+uprWvCXiNeN9SOGwQ3Jn8jb8m3Z6izVgknn1R0FTCEAP2QrLY/w==}

  zod@4.5.4:
    resolution: {integrity: sha512-sC95tT5iHHH9gtpj6A81kh+NEaRAUFN+qlUPDUbRfOMvNf5QCBqsb3WgvnpVtK5Y+4UfA6KqufotuTvMGiTlsA==}

snapshots:

  '@deepseek-ai/cordis@4.0.1':
    dependencies:
      '@deepseek-ai/cosmokit': 1.8.2
      '@standard-schema/spec': 1.1.0

  '@deepseek-ai/cosmokit@1.8.2': {}

  '@deepseek-ai/cosmokit@1.8.3': {}

  '@deepseek-ai/dsh-agent@0.1.1-rc.2(063a17f78cfab736176dd9d7d631a60d)':
    dependencies:
      '@deepseek-ai/cordis': 4.0.1
      '@deepseek-ai/dsh-invariants': 0.1.1-rc.2(@deepseek-ai/cordis@4.0.1)
      '@deepseek-ai/dsh-llm': 0.1.1-rc.2(@deepseek-ai/cordis@4.0.1)(@deepseek-ai/dsh-attachment@0.1.1-rc.2(@deepseek-ai/cordis@4.0.1)(@deepseek-ai/dsh-brand@0.1.2-alpha.2(@deepseek-ai/cordis@4.0.1)(@deepseek-ai/dsh-invariants@0.1.1-rc.2(@deepseek-ai/cordis@4.0.1)))(@deepseek-ai/dsh-invariants@0.1.1-rc.2(@deepseek-ai/cordis@4.0.1)))(@deepseek-ai/dsh-brand@0.1.2-alpha.2(@deepseek-ai/cordis@4.0.1)(@deepseek-ai/dsh-invariants@0.1.1-rc.2(@deepseek-ai/cordis@4.0.1)))(@deepseek-ai/dsh-invariants@0.1.1-rc.2(@deepseek-ai/cordis@4.0.1))(@deepseek-ai/dsh-timeout@0.1.2-alpha.2(@deepseek-ai/cordis@4.0.1)(@deepseek-ai/dsh-invariants@0.1.1-rc.2(@deepseek-ai/cordis@4.0.1)))
      '@deepseek-ai/dsh-scope': 0.1.1-rc.2(@deepseek-ai/cordis@4.0.1)(@deepseek-ai/dsh-invariants@0.1.1-rc.2(@deepseek-ai/cordis@4.0.1))
      '@deepseek-ai/dsh-session': 0.1.1-rc.2(92bb7748a97f767c621cd08ca717d413)
      '@deepseek-ai/dsh-system-prompt': 0.1.1-rc.2(@deepseek-ai/cordis@4.0.1)(@deepseek-ai/dsh-invariants@0.1.1-rc.2(@deepseek-ai/cordis@4.0.1))(@deepseek-ai/dsh-llm@0.1.1-rc.2(@deepseek-ai/cordis@4.0.1)(@deepseek-ai/dsh-attachment@0.1.1-rc.2(@deepseek-ai/cordis@4.0.1)(@deepseek-ai/dsh-brand@0.1.2-alpha.2(@deepseek-ai/cordis@4.0.1)(@deepseek-ai/dsh-invariants@0.1.1-rc.2(@deepseek-ai/cordis@4.0.1)))(@deepseek-ai/dsh-invariants@0.1.1-rc.2(@deepseek-ai/cordis@4.0.1)))(@deepseek-ai/dsh-brand@0.1.2-alpha.2(@deepseek-ai/cordis@4.0.1)(@deepseek-ai/dsh-invariants@0.1.1-rc.2(@deepseek-ai/cordis@4.0.1)))(@deepseek-ai/dsh-invariants@0.1.1-rc.2(@deepseek-ai/cordis@4.0.1))(@deepseek-ai/dsh-timeout@0.1.2-alpha.2(@deepseek-ai/cordis@4.0.1)(@deepseek-ai/dsh-invariants@0.1.1-rc.2(@deepseek-ai/cordis@4.0.1))))(@deepseek-ai/dsh-scope@0.1.1-rc.2(@deepseek-ai/cordis@4.0.1)(@deepseek-ai/dsh-invariants@0.1.1-rc.2(@deepseek-ai/cordis@4.0.1)))
      '@deepseek-ai/dsh-typert-protocol': 0.1.2-alpha.2(@deepseek-ai/cordis@4.0.1)(@deepseek-ai/dsh-invariants@0.1.1-rc.2(@deepseek-ai/cordis@4.0.1))

  '@deepseek-ai/dsh-attachment@0.1.1-rc.2(@deepseek-ai/cordis@4.0.1)(@deepseek-ai/dsh-brand@0.1.2-alpha.2(@deepseek-ai/cordis@4.0.1)(@deepseek-ai/dsh-invariants@0.1.1-rc.2(@deepseek-ai/cordis@4.0.1)))(@deepseek-ai/dsh-invariants@0.1.1-rc.2(@deepseek-ai/cordis@4.0.1))':
    dependencies:
      '@deepseek-ai/cordis': 4.0.1
      '@deepseek-ai/dsh-brand': 0.1.2-alpha.2(@deepseek-ai/cordis@4.0.1)(@deepseek-ai/dsh-invariants@0.1.1-rc.2(@deepseek-ai/cordis@4.0.1))
      '@deepseek-ai/dsh-invariants': 0.1.1-rc.2(@deepseek-ai/cordis@4.0.1)

  '@deepseek-ai/dsh-brand@0.1.2-alpha.2(@deepseek-ai/cordis@4.0.1)(@deepseek-ai/dsh-invariants@0.1.1-rc.2(@deepseek-ai/cordis@4.0.1))':
    dependencies:
      '@deepseek-ai/cordis': 4.0.1
      '@deepseek-ai/dsh-invariants': 0.1.1-rc.2(@deepseek-ai/cordis@4.0.1)

  '@deepseek-ai/dsh-code-runtime@0.1.1-rc.2(@deepseek-ai/cordis@4.0.1)(@deepseek-ai/dsh-invariants@0.1.1-rc.2(@deepseek-ai/cordis@4.0.1))':
    dependencies:
      '@deepseek-ai/cordis': 4.0.1
      '@deepseek-ai/dsh-invariants': 0.1.1-rc.2(@deepseek-ai/cordis@4.0.1)

  '@deepseek-ai/dsh-commands@0.1.1-rc.2(e83ff1ce94e2d6b3ed6ea268c57c4a48)':
    dependencies:
      '@deepseek-ai/cordis': 4.0.1
      '@deepseek-ai/dsh-agent': 0.1.1-rc.2(063a17f78cfab736176dd9d7d631a60d)
      '@deepseek-ai/dsh-attachment': 0.1.1-rc.2(@deepseek-ai/cordis@4.0.1)(@deepseek-ai/dsh-brand@0.1.2-alpha.2(@deepseek-ai/cordis@4.0.1)(@deepseek-ai/dsh-invariants@0.1.1-rc.2(@deepseek-ai/cordis@4.0.1)))(@deepseek-ai/dsh-invariants@0.1.1-rc.2(@deepseek-ai/cordis@4.0.1))
      '@deepseek-ai/dsh-brand': 0.1.2-alpha.2(@deepseek-ai/cordis@4.0.1)(@deepseek-ai/dsh-invariants@0.1.1-rc.2(@deepseek-ai/cordis@4.0.1))
      '@deepseek-ai/dsh-invariants': 0.1.1-rc.2(@deepseek-ai/cordis@4.0.1)
      '@deepseek-ai/dsh-llm': 0.1.1-rc.2(@deepseek-ai/cordis@4.0.1)(@deepseek-ai/dsh-attachment@0.1.1-rc.2(@deepseek-ai/cordis@4.0.1)(@deepseek-ai/dsh-brand@0.1.2-alpha.2(@deepseek-ai/cordis@4.0.1)(@deepseek-ai/dsh-invariants@0.1.1-rc.2(@deepseek-ai/cordis@4.0.1)))(@deepseek-ai/dsh-invariants@0.1.1-rc.2(@deepseek-ai/cordis@4.0.1)))(@deepseek-ai/dsh-brand@0.1.2-alpha.2(@deepseek-ai/cordis@4.0.1)(@deepseek-ai/dsh-invariants@0.1.1-rc.2(@deepseek-ai/cordis@4.0.1)))(@deepseek-ai/dsh-invariants@0.1.1-rc.2(@deepseek-ai/cordis@4.0.1))(@deepseek-ai/dsh-timeout@0.1.2-alpha.2(@deepseek-ai/cordis@4.0.1)(@deepseek-ai/dsh-invariants@0.1.1-rc.2(@deepseek-ai/cordis@4.0.1)))
      '@deepseek-ai/dsh-scope': 0.1.1-rc.2(@deepseek-ai/cordis@4.0.1)(@deepseek-ai/dsh-invariants@0.1.1-rc.2(@deepseek-ai/cordis@4.0.1))
      '@deepseek-ai/dsh-session': 0.1.1-rc.2(92bb7748a97f767c621cd08ca717d413)
      '@deepseek-ai/dsh-typert-protocol': 0.1.2-alpha.2(@deepseek-ai/cordis@4.0.1)(@deepseek-ai/dsh-invariants@0.1.1-rc.2(@deepseek-ai/cordis@4.0.1))
      zod: 4.5.4

  '@deepseek-ai/dsh-host-webserver@0.1.1-rc.2(@deepseek-ai/cordis@4.0.1)(@deepseek-ai/dsh-invariants@0.1.1-rc.2(@deepseek-ai/cordis@4.0.1))':
    dependencies:
      '@deepseek-ai/cordis': 4.0.1
      '@deepseek-ai/dsh-invariants': 0.1.1-rc.2(@deepseek-ai/cordis@4.0.1)
      '@deepseek-ai/schemastery': 3.18.1

  '@deepseek-ai/dsh-invariants@0.1.1-rc.2(@deepseek-ai/cordis@4.0.1)':
    dependencies:
      '@deepseek-ai/cordis': 4.0.1
      '@deepseek-ai/schemastery': 3.18.2

  '@deepseek-ai/dsh-jobs@0.1.1-rc.2(@deepseek-ai/cordis@4.0.1)(@deepseek-ai/dsh-agent@0.1.1-rc.2(063a17f78cfab736176dd9d7d631a60d))(@deepseek-ai/dsh-brand@0.1.2-alpha.2(@deepseek-ai/cordis@4.0.1)(@deepseek-ai/dsh-invariants@0.1.1-rc.2(@deepseek-ai/cordis@4.0.1)))(@deepseek-ai/dsh-invariants@0.1.1-rc.2(@deepseek-ai/cordis@4.0.1))(@deepseek-ai/dsh-session@0.1.1-rc.2(92bb7748a97f767c621cd08ca717d413))':
    dependencies:
      '@deepseek-ai/cordis': 4.0.1
      '@deepseek-ai/dsh-agent': 0.1.1-rc.2(063a17f78cfab736176dd9d7d631a60d)
      '@deepseek-ai/dsh-brand': 0.1.2-alpha.2(@deepseek-ai/cordis@4.0.1)(@deepseek-ai/dsh-invariants@0.1.1-rc.2(@deepseek-ai/cordis@4.0.1))
      '@deepseek-ai/dsh-invariants': 0.1.1-rc.2(@deepseek-ai/cordis@4.0.1)
      '@deepseek-ai/dsh-session': 0.1.1-rc.2(92bb7748a97f767c621cd08ca717d413)

  '@deepseek-ai/dsh-llm@0.1.1-rc.2(@deepseek-ai/cordis@4.0.1)(@deepseek-ai/dsh-attachment@0.1.1-rc.2(@deepseek-ai/cordis@4.0.1)(@deepseek-ai/dsh-brand@0.1.2-alpha.2(@deepseek-ai/cordis@4.0.1)(@deepseek-ai/dsh-invariants@0.1.1-rc.2(@deepseek-ai/cordis@4.0.1)))(@deepseek-ai/dsh-invariants@0.1.1-rc.2(@deepseek-ai/cordis@4.0.1)))(@deepseek-ai/dsh-brand@0.1.2-alpha.2(@deepseek-ai/cordis@4.0.1)(@deepseek-ai/dsh-invariants@0.1.1-rc.2(@deepseek-ai/cordis@4.0.1)))(@deepseek-ai/dsh-invariants@0.1.1-rc.2(@deepseek-ai/cordis@4.0.1))(@deepseek-ai/dsh-timeout@0.1.2-alpha.2(@deepseek-ai/cordis@4.0.1)(@deepseek-ai/dsh-invariants@0.1.1-rc.2(@deepseek-ai/cordis@4.0.1)))':
    dependencies:
      '@deepseek-ai/cordis': 4.0.1
      '@deepseek-ai/dsh-attachment': 0.1.1-rc.2(@deepseek-ai/cordis@4.0.1)(@deepseek-ai/dsh-brand@0.1.2-alpha.2(@deepseek-ai/cordis@4.0.1)(@deepseek-ai/dsh-invariants@0.1.1-rc.2(@deepseek-ai/cordis@4.0.1)))(@deepseek-ai/dsh-invariants@0.1.1-rc.2(@deepseek-ai/cordis@4.0.1))
      '@deepseek-ai/dsh-brand': 0.1.2-alpha.2(@deepseek-ai/cordis@4.0.1)(@deepseek-ai/dsh-invariants@0.1.1-rc.2(@deepseek-ai/cordis@4.0.1))
      '@deepseek-ai/dsh-invariants': 0.1.1-rc.2(@deepseek-ai/cordis@4.0.1)
      '@deepseek-ai/dsh-timeout': 0.1.2-alpha.2(@deepseek-ai/cordis@4.0.1)(@deepseek-ai/dsh-invariants@0.1.1-rc.2(@deepseek-ai/cordis@4.0.1))
      '@deepseek-ai/schemastery': 3.18.2

  '@deepseek-ai/dsh-scope@0.1.1-rc.2(@deepseek-ai/cordis@4.0.1)(@deepseek-ai/dsh-invariants@0.1.1-rc.2(@deepseek-ai/cordis@4.0.1))':
    dependencies:
      '@deepseek-ai/cordis': 4.0.1
      '@deepseek-ai/dsh-invariants': 0.1.1-rc.2(@deepseek-ai/cordis@4.0.1)

  '@deepseek-ai/dsh-session@0.1.1-rc.2(92bb7748a97f767c621cd08ca717d413)':
    dependencies:
      '@deepseek-ai/cordis': 4.0.1
      '@deepseek-ai/dsh-brand': 0.1.2-alpha.2(@deepseek-ai/cordis@4.0.1)(@deepseek-ai/dsh-invariants@0.1.1-rc.2(@deepseek-ai/cordis@4.0.1))
      '@deepseek-ai/dsh-invariants': 0.1.1-rc.2(@deepseek-ai/cordis@4.0.1)
      '@deepseek-ai/dsh-llm': 0.1.1-rc.2(@deepseek-ai/cordis@4.0.1)(@deepseek-ai/dsh-attachment@0.1.1-rc.2(@deepseek-ai/cordis@4.0.1)(@deepseek-ai/dsh-brand@0.1.2-alpha.2(@deepseek-ai/cordis@4.0.1)(@deepseek-ai/dsh-invariants@0.1.1-rc.2(@deepseek-ai/cordis@4.0.1)))(@deepseek-ai/dsh-invariants@0.1.1-rc.2(@deepseek-ai/cordis@4.0.1)))(@deepseek-ai/dsh-brand@0.1.2-alpha.2(@deepseek-ai/cordis@4.0.1)(@deepseek-ai/dsh-invariants@0.1.1-rc.2(@deepseek-ai/cordis@4.0.1)))(@deepseek-ai/dsh-invariants@0.1.1-rc.2(@deepseek-ai/cordis@4.0.1))(@deepseek-ai/dsh-timeout@0.1.2-alpha.2(@deepseek-ai/cordis@4.0.1)(@deepseek-ai/dsh-invariants@0.1.1-rc.2(@deepseek-ai/cordis@4.0.1)))
      '@deepseek-ai/dsh-scope': 0.1.1-rc.2(@deepseek-ai/cordis@4.0.1)(@deepseek-ai/dsh-invariants@0.1.1-rc.2(@deepseek-ai/cordis@4.0.1))
      '@deepseek-ai/dsh-typert-protocol': 0.1.2-alpha.2(@deepseek-ai/cordis@4.0.1)(@deepseek-ai/dsh-invariants@0.1.1-rc.2(@deepseek-ai/cordis@4.0.1))

  '@deepseek-ai/dsh-settings@0.1.1-rc.2(@deepseek-ai/cordis@4.0.1)(@deepseek-ai/dsh-brand@0.1.2-alpha.2(@deepseek-ai/cordis@4.0.1)(@deepseek-ai/dsh-invariants@0.1.1-rc.2(@deepseek-ai/cordis@4.0.1)))(@deepseek-ai/dsh-invariants@0.1.1-rc.2(@deepseek-ai/cordis@4.0.1))(@deepseek-ai/schemastery@deepseek-harness+vendor+schemastery)':
    dependencies:
      '@deepseek-ai/cordis': 4.0.1
      '@deepseek-ai/dsh-brand': 0.1.2-alpha.2(@deepseek-ai/cordis@4.0.1)(@deepseek-ai/dsh-invariants@0.1.1-rc.2(@deepseek-ai/cordis@4.0.1))
      '@deepseek-ai/dsh-invariants': 0.1.1-rc.2(@deepseek-ai/cordis@4.0.1)
      '@deepseek-ai/schemastery': link:../deepseek-harness/vendor/schemastery

  '@deepseek-ai/dsh-skill@0.1.1-rc.2(@deepseek-ai/cordis@4.0.1)(@deepseek-ai/dsh-invariants@0.1.1-rc.2(@deepseek-ai/cordis@4.0.1))(@deepseek-ai/dsh-llm@0.1.1-rc.2(@deepseek-ai/cordis@4.0.1)(@deepseek-ai/dsh-attachment@0.1.1-rc.2(@deepseek-ai/cordis@4.0.1)(@deepseek-ai/dsh-brand@0.1.2-alpha.2(@deepseek-ai/cordis@4.0.1)(@deepseek-ai/dsh-invariants@0.1.1-rc.2(@deepseek-ai/cordis@4.0.1)))(@deepseek-ai/dsh-invariants@0.1.1-rc.2(@deepseek-ai/cordis@4.0.1)))(@deepseek-ai/dsh-brand@0.1.2-alpha.2(@deepseek-ai/cordis@4.0.1)(@deepseek-ai/dsh-invariants@0.1.1-rc.2(@deepseek-ai/cordis@4.0.1)))(@deepseek-ai/dsh-invariants@0.1.1-rc.2(@deepseek-ai/cordis@4.0.1))(@deepseek-ai/dsh-timeout@0.1.2-alpha.2(@deepseek-ai/cordis@4.0.1)(@deepseek-ai/dsh-invariants@0.1.1-rc.2(@deepseek-ai/cordis@4.0.1))))(@deepseek-ai/dsh-scope@0.1.1-rc.2(@deepseek-ai/cordis@4.0.1)(@deepseek-ai/dsh-invariants@0.1.1-rc.2(@deepseek-ai/cordis@4.0.1)))':
    dependencies:
      '@deepseek-ai/cordis': 4.0.1
      '@deepseek-ai/dsh-invariants': 0.1.1-rc.2(@deepseek-ai/cordis@4.0.1)
      '@deepseek-ai/dsh-llm': 0.1.1-rc.2(@deepseek-ai/cordis@4.0.1)(@deepseek-ai/dsh-attachment@0.1.1-rc.2(@deepseek-ai/cordis@4.0.1)(@deepseek-ai/dsh-brand@0.1.2-alpha.2(@deepseek-ai/cordis@4.0.1)(@deepseek-ai/dsh-invariants@0.1.1-rc.2(@deepseek-ai/cordis@4.0.1)))(@deepseek-ai/dsh-invariants@0.1.1-rc.2(@deepseek-ai/cordis@4.0.1)))(@deepseek-ai/dsh-brand@0.1.2-alpha.2(@deepseek-ai/cordis@4.0.1)(@deepseek-ai/dsh-invariants@0.1.1-rc.2(@deepseek-ai/cordis@4.0.1)))(@deepseek-ai/dsh-invariants@0.1.1-rc.2(@deepseek-ai/cordis@4.0.1))(@deepseek-ai/dsh-timeout@0.1.2-alpha.2(@deepseek-ai/cordis@4.0.1)(@deepseek-ai/dsh-invariants@0.1.1-rc.2(@deepseek-ai/cordis@4.0.1)))
      '@deepseek-ai/dsh-scope': 0.1.1-rc.2(@deepseek-ai/cordis@4.0.1)(@deepseek-ai/dsh-invariants@0.1.1-rc.2(@deepseek-ai/cordis@4.0.1))
      '@deepseek-ai/schemastery': 3.18.1

  '@deepseek-ai/dsh-system-prompt@0.1.1-rc.2(@deepseek-ai/cordis@4.0.1)(@deepseek-ai/dsh-invariants@0.1.1-rc.2(@deepseek-ai/cordis@4.0.1))(@deepseek-ai/dsh-llm@0.1.1-rc.2(@deepseek-ai/cordis@4.0.1)(@deepseek-ai/dsh-attachment@0.1.1-rc.2(@deepseek-ai/cordis@4.0.1)(@deepseek-ai/dsh-brand@0.1.2-alpha.2(@deepseek-ai/cordis@4.0.1)(@deepseek-ai/dsh-invariants@0.1.1-rc.2(@deepseek-ai/cordis@4.0.1)))(@deepseek-ai/dsh-invariants@0.1.1-rc.2(@deepseek-ai/cordis@4.0.1)))(@deepseek-ai/dsh-brand@0.1.2-alpha.2(@deepseek-ai/cordis@4.0.1)(@deepseek-ai/dsh-invariants@0.1.1-rc.2(@deepseek-ai/cordis@4.0.1)))(@deepseek-ai/dsh-invariants@0.1.1-rc.2(@deepseek-ai/cordis@4.0.1))(@deepseek-ai/dsh-timeout@0.1.2-alpha.2(@deepseek-ai/cordis@4.0.1)(@deepseek-ai/dsh-invariants@0.1.1-rc.2(@deepseek-ai/cordis@4.0.1))))(@deepseek-ai/dsh-scope@0.1.1-rc.2(@deepseek-ai/cordis@4.0.1)(@deepseek-ai/dsh-invariants@0.1.1-rc.2(@deepseek-ai/cordis@4.0.1)))':
    dependencies:
      '@deepseek-ai/cordis': 4.0.1
      '@deepseek-ai/dsh-invariants': 0.1.1-rc.2(@deepseek-ai/cordis@4.0.1)
      '@deepseek-ai/dsh-llm': 0.1.1-rc.2(@deepseek-ai/cordis@4.0.1)(@deepseek-ai/dsh-attachment@0.1.1-rc.2(@deepseek-ai/cordis@4.0.1)(@deepseek-ai/dsh-brand@0.1.2-alpha.2(@deepseek-ai/cordis@4.0.1)(@deepseek-ai/dsh-invariants@0.1.1-rc.2(@deepseek-ai/cordis@4.0.1)))(@deepseek-ai/dsh-invariants@0.1.1-rc.2(@deepseek-ai/cordis@4.0.1)))(@deepseek-ai/dsh-brand@0.1.2-alpha.2(@deepseek-ai/cordis@4.0.1)(@deepseek-ai/dsh-invariants@0.1.1-rc.2(@deepseek-ai/cordis@4.0.1)))(@deepseek-ai/dsh-invariants@0.1.1-rc.2(@deepseek-ai/cordis@4.0.1))(@deepseek-ai/dsh-timeout@0.1.2-alpha.2(@deepseek-ai/cordis@4.0.1)(@deepseek-ai/dsh-invariants@0.1.1-rc.2(@deepseek-ai/cordis@4.0.1)))
      '@deepseek-ai/dsh-scope': 0.1.1-rc.2(@deepseek-ai/cordis@4.0.1)(@deepseek-ai/dsh-invariants@0.1.1-rc.2(@deepseek-ai/cordis@4.0.1))
      '@deepseek-ai/schemastery': 3.18.1

  '@deepseek-ai/dsh-timeout@0.1.2-alpha.2(@deepseek-ai/cordis@4.0.1)(@deepseek-ai/dsh-invariants@0.1.1-rc.2(@deepseek-ai/cordis@4.0.1))':
    dependencies:
      '@deepseek-ai/cordis': 4.0.1
      '@deepseek-ai/dsh-invariants': 0.1.1-rc.2(@deepseek-ai/cordis@4.0.1)

  '@deepseek-ai/dsh-tools@0.1.1-rc.2(392409d64c313695b8cdb5e9662082dd)':
    dependencies:
      '@deepseek-ai/cordis': 4.0.1
      '@deepseek-ai/dsh-agent': 0.1.1-rc.2(063a17f78cfab736176dd9d7d631a60d)
      '@deepseek-ai/dsh-code-runtime': 0.1.1-rc.2(@deepseek-ai/cordis@4.0.1)(@deepseek-ai/dsh-invariants@0.1.1-rc.2(@deepseek-ai/cordis@4.0.1))
      '@deepseek-ai/dsh-invariants': 0.1.1-rc.2(@deepseek-ai/cordis@4.0.1)
      '@deepseek-ai/dsh-llm': 0.1.1-rc.2(@deepseek-ai/cordis@4.0.1)(@deepseek-ai/dsh-attachment@0.1.1-rc.2(@deepseek-ai/cordis@4.0.1)(@deepseek-ai/dsh-brand@0.1.2-alpha.2(@deepseek-ai/cordis@4.0.1)(@deepseek-ai/dsh-invariants@0.1.1-rc.2(@deepseek-ai/cordis@4.0.1)))(@deepseek-ai/dsh-invariants@0.1.1-rc.2(@deepseek-ai/cordis@4.0.1)))(@deepseek-ai/dsh-brand@0.1.2-alpha.2(@deepseek-ai/cordis@4.0.1)(@deepseek-ai/dsh-invariants@0.1.1-rc.2(@deepseek-ai/cordis@4.0.1)))(@deepseek-ai/dsh-invariants@0.1.1-rc.2(@deepseek-ai/cordis@4.0.1))(@deepseek-ai/dsh-timeout@0.1.2-alpha.2(@deepseek-ai/cordis@4.0.1)(@deepseek-ai/dsh-invariants@0.1.1-rc.2(@deepseek-ai/cordis@4.0.1)))
      '@deepseek-ai/dsh-scope': 0.1.1-rc.2(@deepseek-ai/cordis@4.0.1)(@deepseek-ai/dsh-invariants@0.1.1-rc.2(@deepseek-ai/cordis@4.0.1))
      '@deepseek-ai/dsh-session': 0.1.1-rc.2(92bb7748a97f767c621cd08ca717d413)
      '@deepseek-ai/dsh-system-prompt': 0.1.1-rc.2(@deepseek-ai/cordis@4.0.1)(@deepseek-ai/dsh-invariants@0.1.1-rc.2(@deepseek-ai/cordis@4.0.1))(@deepseek-ai/dsh-llm@0.1.1-rc.2(@deepseek-ai/cordis@4.0.1)(@deepseek-ai/dsh-attachment@0.1.1-rc.2(@deepseek-ai/cordis@4.0.1)(@deepseek-ai/dsh-brand@0.1.2-alpha.2(@deepseek-ai/cordis@4.0.1)(@deepseek-ai/dsh-invariants@0.1.1-rc.2(@deepseek-ai/cordis@4.0.1)))(@deepseek-ai/dsh-invariants@0.1.1-rc.2(@deepseek-ai/cordis@4.0.1)))(@deepseek-ai/dsh-brand@0.1.2-alpha.2(@deepseek-ai/cordis@4.0.1)(@deepseek-ai/dsh-invariants@0.1.1-rc.2(@deepseek-ai/cordis@4.0.1)))(@deepseek-ai/dsh-invariants@0.1.1-rc.2(@deepseek-ai/cordis@4.0.1))(@deepseek-ai/dsh-timeout@0.1.2-alpha.2(@deepseek-ai/cordis@4.0.1)(@deepseek-ai/dsh-invariants@0.1.1-rc.2(@deepseek-ai/cordis@4.0.1))))(@deepseek-ai/dsh-scope@0.1.1-rc.2(@deepseek-ai/cordis@4.0.1)(@deepseek-ai/dsh-invariants@0.1.1-rc.2(@deepseek-ai/cordis@4.0.1)))
      '@deepseek-ai/dsh-user-approval': 0.1.1-rc.2(d6cba21b6a76c1d24a2026a6c3d4dd98)
      '@deepseek-ai/schemastery': 3.18.2

  '@deepseek-ai/dsh-typert-protocol@0.1.2-alpha.2(@deepseek-ai/cordis@4.0.1)(@deepseek-ai/dsh-invariants@0.1.1-rc.2(@deepseek-ai/cordis@4.0.1))':
    dependencies:
      '@deepseek-ai/cordis': 4.0.1
      '@deepseek-ai/dsh-invariants': 0.1.1-rc.2(@deepseek-ai/cordis@4.0.1)

  '@deepseek-ai/dsh-user-approval@0.1.1-rc.2(d6cba21b6a76c1d24a2026a6c3d4dd98)':
    dependencies:
      '@deepseek-ai/cordis': 4.0.1
      '@deepseek-ai/dsh-agent': 0.1.1-rc.2(063a17f78cfab736176dd9d7d631a60d)
      '@deepseek-ai/dsh-brand': 0.1.2-alpha.2(@deepseek-ai/cordis@4.0.1)(@deepseek-ai/dsh-invariants@0.1.1-rc.2(@deepseek-ai/cordis@4.0.1))
      '@deepseek-ai/dsh-invariants': 0.1.1-rc.2(@deepseek-ai/cordis@4.0.1)
      '@deepseek-ai/dsh-llm': 0.1.1-rc.2(@deepseek-ai/cordis@4.0.1)(@deepseek-ai/dsh-attachment@0.1.1-rc.2(@deepseek-ai/cordis@4.0.1)(@deepseek-ai/dsh-brand@0.1.2-alpha.2(@deepseek-ai/cordis@4.0.1)(@deepseek-ai/dsh-invariants@0.1.1-rc.2(@deepseek-ai/cordis@4.0.1)))(@deepseek-ai/dsh-invariants@0.1.1-rc.2(@deepseek-ai/cordis@4.0.1)))(@deepseek-ai/dsh-brand@0.1.2-alpha.2(@deepseek-ai/cordis@4.0.1)(@deepseek-ai/dsh-invariants@0.1.1-rc.2(@deepseek-ai/cordis@4.0.1)))(@deepseek-ai/dsh-invariants@0.1.1-rc.2(@deepseek-ai/cordis@4.0.1))(@deepseek-ai/dsh-timeout@0.1.2-alpha.2(@deepseek-ai/cordis@4.0.1)(@deepseek-ai/dsh-invariants@0.1.1-rc.2(@deepseek-ai/cordis@4.0.1)))
      '@deepseek-ai/dsh-scope': 0.1.1-rc.2(@deepseek-ai/cordis@4.0.1)(@deepseek-ai/dsh-invariants@0.1.1-rc.2(@deepseek-ai/cordis@4.0.1))
      '@deepseek-ai/dsh-session': 0.1.1-rc.2(92bb7748a97f767c621cd08ca717d413)
      '@deepseek-ai/dsh-system-prompt': 0.1.1-rc.2(@deepseek-ai/cordis@4.0.1)(@deepseek-ai/dsh-invariants@0.1.1-rc.2(@deepseek-ai/cordis@4.0.1))(@deepseek-ai/dsh-llm@0.1.1-rc.2(@deepseek-ai/cordis@4.0.1)(@deepseek-ai/dsh-attachment@0.1.1-rc.2(@deepseek-ai/cordis@4.0.1)(@deepseek-ai/dsh-brand@0.1.2-alpha.2(@deepseek-ai/cordis@4.0.1)(@deepseek-ai/dsh-invariants@0.1.1-rc.2(@deepseek-ai/cordis@4.0.1)))(@deepseek-ai/dsh-invariants@0.1.1-rc.2(@deepseek-ai/cordis@4.0.1)))(@deepseek-ai/dsh-brand@0.1.2-alpha.2(@deepseek-ai/cordis@4.0.1)(@deepseek-ai/dsh-invariants@0.1.1-rc.2(@deepseek-ai/cordis@4.0.1)))(@deepseek-ai/dsh-invariants@0.1.1-rc.2(@deepseek-ai/cordis@4.0.1))(@deepseek-ai/dsh-timeout@0.1.2-alpha.2(@deepseek-ai/cordis@4.0.1)(@deepseek-ai/dsh-invariants@0.1.1-rc.2(@deepseek-ai/cordis@4.0.1))))(@deepseek-ai/dsh-scope@0.1.1-rc.2(@deepseek-ai/cordis@4.0.1)(@deepseek-ai/dsh-invariants@0.1.1-rc.2(@deepseek-ai/cordis@4.0.1)))
      '@deepseek-ai/schemastery': 3.18.1

  '@deepseek-ai/dsh-web@0.1.2-alpha.2(@deepseek-ai/cordis@4.0.1)(@deepseek-ai/dsh-invariants@0.1.1-rc.2(@deepseek-ai/cordis@4.0.1))(@deepseek-ai/dsh-llm@0.1.1-rc.2(@deepseek-ai/cordis@4.0.1)(@deepseek-ai/dsh-attachment@0.1.1-rc.2(@deepseek-ai/cordis@4.0.1)(@deepseek-ai/dsh-brand@0.1.2-alpha.2(@deepseek-ai/cordis@4.0.1)(@deepseek-ai/dsh-invariants@0.1.1-rc.2(@deepseek-ai/cordis@4.0.1)))(@deepseek-ai/dsh-invariants@0.1.1-rc.2(@deepseek-ai/cordis@4.0.1)))(@deepseek-ai/dsh-brand@0.1.2-alpha.2(@deepseek-ai/cordis@4.0.1)(@deepseek-ai/dsh-invariants@0.1.1-rc.2(@deepseek-ai/cordis@4.0.1)))(@deepseek-ai/dsh-invariants@0.1.1-rc.2(@deepseek-ai/cordis@4.0.1))(@deepseek-ai/dsh-timeout@0.1.2-alpha.2(@deepseek-ai/cordis@4.0.1)(@deepseek-ai/dsh-invariants@0.1.1-rc.2(@deepseek-ai/cordis@4.0.1))))':
    dependencies:
      '@deepseek-ai/cordis': 4.0.1
      '@deepseek-ai/dsh-invariants': 0.1.1-rc.2(@deepseek-ai/cordis@4.0.1)
      '@deepseek-ai/dsh-llm': 0.1.1-rc.2(@deepseek-ai/cordis@4.0.1)(@deepseek-ai/dsh-attachment@0.1.1-rc.2(@deepseek-ai/cordis@4.0.1)(@deepseek-ai/dsh-brand@0.1.2-alpha.2(@deepseek-ai/cordis@4.0.1)(@deepseek-ai/dsh-invariants@0.1.1-rc.2(@deepseek-ai/cordis@4.0.1)))(@deepseek-ai/dsh-invariants@0.1.1-rc.2(@deepseek-ai/cordis@4.0.1)))(@deepseek-ai/dsh-brand@0.1.2-alpha.2(@deepseek-ai/cordis@4.0.1)(@deepseek-ai/dsh-invariants@0.1.1-rc.2(@deepseek-ai/cordis@4.0.1)))(@deepseek-ai/dsh-invariants@0.1.1-rc.2(@deepseek-ai/cordis@4.0.1))(@deepseek-ai/dsh-timeout@0.1.2-alpha.2(@deepseek-ai/cordis@4.0.1)(@deepseek-ai/dsh-invariants@0.1.1-rc.2(@deepseek-ai/cordis@4.0.1)))
      '@deepseek-ai/schemastery': 3.18.2

  '@deepseek-ai/schemastery@3.18.1':
    dependencies:
      '@deepseek-ai/cosmokit': 1.8.2
      '@standard-schema/spec': 1.1.0

  '@deepseek-ai/schemastery@3.18.2':
    dependencies:
      '@deepseek-ai/cosmokit': 1.8.3
      '@standard-schema/spec': 1.1.0

  '@standard-schema/spec@1.1.0': {}

  '@types/node@24.13.3':
    dependencies:
      undici-types: 7.18.2

  typescript@5.9.3: {}

  undici-types@7.18.2: {}

  zod@4.5.4: {}
